PODS:
  - CoordinatorsFoundation (0.3.0)
  - SwiftLint (0.39.2)

DEPENDENCIES:
  - CoordinatorsFoundation (from `../`)
  - SwiftLint (~> 0.39)

SPEC REPOS:
  trunk:
    - SwiftLint

EXTERNAL SOURCES:
  CoordinatorsFoundation:
    :path: "../"

SPEC CHECKSUMS:
  CoordinatorsFoundation: 8686dfe1ddca3498d51568445a252fbe54312133
  SwiftLint: 22ccbbe3b8008684be5955693bab135e0ed6a447

PODFILE CHECKSUM: 3f93d858d9a5c1a101674f7ae9cb3dab36162ff7

COCOAPODS: 1.9.1
