PODS:
  - CoordinatorsFoundation (0.2.2)
  - SwiftLint (0.38.0)

DEPENDENCIES:
  - CoordinatorsFoundation (from `../`)
  - SwiftLint (~> 0.34)

SPEC REPOS:
  trunk:
    - SwiftLint

EXTERNAL SOURCES:
  CoordinatorsFoundation:
    :path: "../"

SPEC CHECKSUMS:
  CoordinatorsFoundation: 0fb7e03ad83f6c4da2babc61fbc478ba406894cb
  SwiftLint: 4105f061f9812b214568b736dab580ab2c73a582

PODFILE CHECKSUM: 265a33b4eccb399d1757c4518de3f6749510911a

COCOAPODS: 1.8.4
